dependencies:
  atanisoft/esp_lcd_ili9488:
    component_hash: 45d4c19647801a7000f9106b39127576fb58bd623fb13c1453071190c6f0b8e3
    dependencies:
    - name: idf
      require: private
      version: '>=4.4.2'
    source:
      registry_url: https://components.espressif.com/
      type: service
    version: 1.1.0
  atanisoft/esp_lcd_touch_xpt2046:
    component_hash: 7e6381b67b6e487379118368b8e91624dc87036ef5734818de1db9eb35697998
    dependencies:
    - name: espressif/esp_lcd_touch
      registry_url: https://components.espressif.com
      require: private
      version: '>=1.0.4'
    - name: idf
      require: private
      version: '>=4.4'
    source:
      registry_url: https://components.espressif.com/
      type: service
    version: 1.0.6
  espressif/esp_lcd_touch:
    component_hash: 3f85a7d95af876f1a6ecca8eb90a81614890d0f03a038390804e5a77e2caf862
    dependencies:
    - name: idf
      require: private
      version: '>=4.4.2'
    source:
      registry_url: https://components.espressif.com/
      type: service
    version: 1.2.1
  espressif/mdns:
    component_hash: 1ebe3bd675bb9d1c58f52bc0b609b32f74e572b01c328f9e61282040c775495c
    dependencies:
    - name: idf
      require: private
      version: '>=5.0'
    source:
      registry_url: https://components.espressif.com/
      type: service
    version: 1.11.0
  espressif/zlib:
    component_hash: 64ea2fd6754c5a05951f1ddb312ac835cd782e68cb5bd9dfcd1c3a107c8fbfbc
    dependencies:
    - name: idf
      require: private
      version: '>=4.4'
    source:
      registry_url: https://components.espressif.com/
      type: service
    version: 1.3.2
  idf:
    source:
      type: idf
    version: 5.5.3
  k0i05/esp_mpu6050:
    component_hash: b509766442b68105dfbf7d0e33d7c28729ca1613f87e33de85f20dede1fe0428
    dependencies:
    - name: idf
      require: private
      version: '>5.3.0'
    - name: k0i05/esp_type_utils
      registry_url: https://components.espressif.com
      require: private
      version: '>=0.0.1'
    source:
      registry_url: https://components.espressif.com/
      type: service
    version: 1.2.7
  k0i05/esp_type_utils:
    component_hash: 95d8ec40268e045f7e264d8035f451e53844b4a2f6d5f112ece6645c5effd639
    dependencies:
    - name: idf
      require: private
      version: '>5.3.0'
    source:
      registry_url: https://components.espressif.com/
      type: service
    version: 1.2.7
  lvgl/lvgl:
    component_hash: 184e532558c1c45fefed631f3e235423d22582aafb4630f3e8885c35281a49ae
    dependencies: []
    source:
      registry_url: https://components.espressif.com/
      type: service
    version: 9.5.0
direct_dependencies:
- atanisoft/esp_lcd_ili9488
- atanisoft/esp_lcd_touch_xpt2046
- espressif/esp_lcd_touch
- espressif/mdns
- espressif/zlib
- idf
- k0i05/esp_mpu6050
- k0i05/esp_type_utils
- lvgl/lvgl
manifest_hash: cb8a563d4e3af791fb496508243cd78d7d1e1fc5fd2f7e1ff19b05f564688f35
target: esp32s3
version: 2.0.0
